# THIS IS AN AUTOGENERATED FILE. DO NOT EDIT THIS FILE DIRECTLY.
# yarn lockfile v1


arweave-deploy@^1.9.1:
  version "1.9.1"
  resolved "https://registry.yarnpkg.com/arweave-deploy/-/arweave-deploy-1.9.1.tgz#1cc45fc5eb2fd62985ad4e54076ffe850a6a33f7"
  integrity sha512-yNC9joASgsqQBASLwNivzMJxUHyXuzWHg7qLIGg/+y5hDprSy3fsMUNJ83qCpATYnmJdnECcBXKESBnhalM88w==
